
Microsoft Visual Studio Solution File, Format Version 12.00
# Visual Studio Version 17
VisualStudioVersion = 17.8.34330.188
MinimumVisualStudioVersion = 10.0.40219.1
Project("{FAE04EC0-301F-11D3-BF4B-00C04F79EFBC}") = "PC Kapatma", "PC Kapatma\PC Kapatma.csproj", "{D52A8231-C849-447A-84FB-29CAE9DB72B7}"
EndProject
Global
	GlobalSection(SolutionConfigurationPlatforms) = preSolution
		Debug|Any CPU = Debug|Any CPU
		Release|Any CPU = Release|Any CPU
	EndGlobalSection
	GlobalSection(ProjectConfigurationPlatforms) = postSolution
		{D52A8231-C849-447A-84FB-29CAE9DB72B7}.Debug|Any CPU.ActiveCfg = Debug|Any CPU
		{D52A8231-C849-447A-84FB-29CAE9DB72B7}.Debug|Any CPU.Build.0 = Debug|Any CPU
		{D52A8231-C849-447A-84FB-29CAE9DB72B7}.Release|Any CPU.ActiveCfg = Release|Any CPU
		{D52A8231-C849-447A-84FB-29CAE9DB72B7}.Release|Any CPU.Build.0 = Release|Any CPU
	EndGlobalSection
	GlobalSection(SolutionProperties) = preSolution
		HideSolutionNode = FALSE
	EndGlobalSection
	GlobalSection(ExtensibilityGlobals) = postSolution
		SolutionGuid = {F775E38D-5BB4-4FA7-882C-FDE7E024EF1E}
	EndGlobalSection
EndGlobal
